// !$*UTF8*$!
{
	archiveVersion = 1;
	classes = {
	};
	objectVersion = 46;
	objects = {

/* Begin PBXBuildFile section */
		4D2B66D5BFBBEE91C1AAD66A /* Pods_SwapiMoyaTests.framework in Frameworks */ = {isa = PBXBuildFile; fileRef = 79120242A4370BFD3ECCACC5 /* Pods_SwapiMoyaTests.framework */; };
		6F92BD28F4BFAA45D4CC0BF9 /* Pods_SwapiMoya.framework in Frameworks */ = {isa = PBXBuildFile; fileRef = E4CB771BB1A8425B96469A84 /* Pods_SwapiMoya.framework */; };
		995A4C330E3AA570708CAD44 /* Pods_SwapiMoyaUITests.framework in Frameworks */ = {isa = PBXBuildFile; fileRef = 5CAD4DB6D69010CF5FE72FDE /* Pods_SwapiMoyaUITests.framework */; };
		FB5AB1691CA8CDAF00EF003D /* Person.swift in Sources */ = {isa = PBXBuildFile; fileRef = FB5AB1681CA8CDAF00EF003D /* Person.swift */; };
		FB5AB16F1CA8D0D300EF003D /* BaseViewController.swift in Sources */ = {isa = PBXBuildFile; fileRef = FB5AB16D1CA8D0D300EF003D /* BaseViewController.swift */; };
		FB5AB1701CA8D0D300EF003D /* BaseViewController.xib in Resources */ = {isa = PBXBuildFile; fileRef = FB5AB16E1CA8D0D300EF003D /* BaseViewController.xib */; };
		FB5AB1721CA8D51200EF003D /* Film.swift in Sources */ = {isa = PBXBuildFile; fileRef = FB5AB1711CA8D51200EF003D /* Film.swift */; };
		FB83F2721CDEB4B7004D9E80 /* PersonTableViewCell.swift in Sources */ = {isa = PBXBuildFile; fileRef = FB83F2701CDEB4B7004D9E80 /* PersonTableViewCell.swift */; };
		FB83F2731CDEB4B7004D9E80 /* PersonTableViewCell.xib in Resources */ = {isa = PBXBuildFile; fileRef = FB83F2711CDEB4B7004D9E80 /* PersonTableViewCell.xib */; };
		FBD576CD1CCC72E30065222F /* JSONable.swift in Sources */ = {isa = PBXBuildFile; fileRef = FBD576CC1CCC72E30065222F /* JSONable.swift */; };
		FBE4FB0E1CF372DA004E58F6 /* SwapiService.swift in Sources */ = {isa = PBXBuildFile; fileRef = FBE4FB0D1CF372DA004E58F6 /* SwapiService.swift */; };
		FBF48BE01CA2440000B27EC2 /* AppDelegate.swift in Sources */ = {isa = PBXBuildFile; fileRef = FBF48BDF1CA2440000B27EC2 /* AppDelegate.swift */; };
		FBF48BE21CA2440000B27EC2 /* Assets.xcassets in Resources */ = {isa = PBXBuildFile; fileRef = FBF48BE11CA2440000B27EC2 /* Assets.xcassets */; };
		FBF48BE51CA2440000B27EC2 /* LaunchScreen.storyboard in Resources */ = {isa = PBXBuildFile; fileRef = FBF48BE31CA2440000B27EC2 /* LaunchScreen.storyboard */; };
		FBF48BFB1CA2440000B27EC2 /* SwapiMoyaUITests.swift in Sources */ = {isa = PBXBuildFile; fileRef = FBF48BFA1CA2440000B27EC2 /* SwapiMoyaUITests.swift */; };
/* End PBXBuildFile section */

/* Begin PBXContainerItemProxy section */
		FBF48BEC1CA2440000B27EC2 /* PBXContainerItemProxy */ = {
			isa = PBXContainerItemProxy;
			containerPortal = FBF48BD41CA243FF00B27EC2 /* Project object */;
			proxyType = 1;
			remoteGlobalIDString = FBF48BDB1CA243FF00B27EC2;
			remoteInfo = SwapiMoya;
		};
		FBF48BF71CA2440000B27EC2 /* PBXContainerItemProxy */ = {
			isa = PBXContainerItemProxy;
			containerPortal = FBF48BD41CA243FF00B27EC2 /* Project object */;
			proxyType = 1;
			remoteGlobalIDString = FBF48BDB1CA243FF00B27EC2;
			remoteInfo = SwapiMoya;
		};
/* End PBXContainerItemProxy section */

/* Begin PBXFileReference section */
		0AD6CC785A116BC1926DEC13 /* Pods-SwapiMoyaTests.release.xcconfig */ = {isa = PBXFileReference; includeInIndex = 1; lastKnownFileType = text.xcconfig; name = "Pods-SwapiMoyaTests.release.xcconfig"; path = "Pods/Target Support Files/Pods-SwapiMoyaTests/Pods-SwapiMoyaTests.release.xcconfig"; sourceTree = "<group>"; };
		33791B84E9D21ECAE8FF45CD /* Pods-SwapiMoya.release.xcconfig */ = {isa = PBXFileReference; includeInIndex = 1; lastKnownFileType = text.xcconfig; name = "Pods-SwapiMoya.release.xcconfig"; path = "Pods/Target Support Files/Pods-SwapiMoya/Pods-SwapiMoya.release.xcconfig"; sourceTree = "<group>"; };
		461E0A3298AEF556824DD908 /* Pods-SwapiMoya.debug.xcconfig */ = {isa = PBXFileReference; includeInIndex = 1; lastKnownFileType = text.xcconfig; name = "Pods-SwapiMoya.debug.xcconfig"; path = "Pods/Target Support Files/Pods-SwapiMoya/Pods-SwapiMoya.debug.xcconfig"; sourceTree = "<group>"; };
		5CAD4DB6D69010CF5FE72FDE /* Pods_SwapiMoyaUITests.framework */ = {isa = PBXFileReference; explicitFileType = wrapper.framework; includeInIndex = 0; path = Pods_SwapiMoyaUITests.framework; sourceTree = BUILT_PRODUCTS_DIR; };
		60B5C77D2AE5EC63F72000E6 /* Pods-SwapiMoyaUITests.debug.xcconfig */ = {isa = PBXFileReference; includeInIndex = 1; lastKnownFileType = text.xcconfig; name = "Pods-SwapiMoyaUITests.debug.xcconfig"; path = "Pods/Target Support Files/Pods-SwapiMoyaUITests/Pods-SwapiMoyaUITests.debug.xcconfig"; sourceTree = "<group>"; };
		716DC80B14A256182E0182AF /* Pods-SwapiMoyaUITests.release.xcconfig */ = {isa = PBXFileReference; includeInIndex = 1; lastKnownFileType = text.xcconfig; name = "Pods-SwapiMoyaUITests.release.xcconfig"; path = "Pods/Target Support Files/Pods-SwapiMoyaUITests/Pods-SwapiMoyaUITests.release.xcconfig"; sourceTree = "<group>"; };
		79120242A4370BFD3ECCACC5 /* Pods_SwapiMoyaTests.framework */ = {isa = PBXFileReference; explicitFileType = wrapper.framework; includeInIndex = 0; path = Pods_SwapiMoyaTests.framework; sourceTree = BUILT_PRODUCTS_DIR; };
		E4CB771BB1A8425B96469A84 /* Pods_SwapiMoya.framework */ = {isa = PBXFileReference; explicitFileType = wrapper.framework; includeInIndex = 0; path = Pods_SwapiMoya.framework; sourceTree = BUILT_PRODUCTS_DIR; };
		E858913126B8F1281B13B65D /* Pods-SwapiMoyaTests.debug.xcconfig */ = {isa = PBXFileReference; includeInIndex = 1; lastKnownFileType = text.xcconfig; name = "Pods-SwapiMoyaTests.debug.xcconfig"; path = "Pods/Target Support Files/Pods-SwapiMoyaTests/Pods-SwapiMoyaTests.debug.xcconfig"; sourceTree = "<group>"; };
		FB5AB1681CA8CDAF00EF003D /* Person.swift */ = {isa = PBXFileReference; fileEncoding = 4; lastKnownFileType = sourcecode.swift; path = Person.swift; sourceTree = "<group>"; };
		FB5AB16D1CA8D0D300EF003D /* BaseViewController.swift */ = {isa = PBXFileReference; fileEncoding = 4; lastKnownFileType = sourcecode.swift; path = BaseViewController.swift; sourceTree = "<group>"; };
		FB5AB16E1CA8D0D300EF003D /* BaseViewController.xib */ = {isa = PBXFileReference; fileEncoding = 4; lastKnownFileType = file.xib; path = BaseViewController.xib; sourceTree = "<group>"; };
		FB5AB1711CA8D51200EF003D /* Film.swift */ = {isa = PBXFileReference; fileEncoding = 4; lastKnownFileType = sourcecode.swift; path = Film.swift; sourceTree = "<group>"; };
		FB83F2701CDEB4B7004D9E80 /* PersonTableViewCell.swift */ = {isa = PBXFileReference; fileEncoding = 4; lastKnownFileType = sourcecode.swift; path = PersonTableViewCell.swift; sourceTree = "<group>"; };
		FB83F2711CDEB4B7004D9E80 /* PersonTableViewCell.xib */ = {isa = PBXFileReference; fileEncoding = 4; lastKnownFileType = file.xib; path = PersonTableViewCell.xib; sourceTree = "<group>"; };
		FBD576CC1CCC72E30065222F /* JSONable.swift */ = {isa = PBXFileReference; fileEncoding = 4; lastKnownFileType = sourcecode.swift; path = JSONable.swift; sourceTree = "<group>"; };
		FBE0EDBC1CB623F400455095 /* SwapiMoya-Bridging-Header.h */ = {isa = PBXFileReference; fileEncoding = 4; lastKnownFileType = sourcecode.c.h; path = "SwapiMoya-Bridging-Header.h"; sourceTree = "<group>"; };
		FBE4FB0D1CF372DA004E58F6 /* SwapiService.swift */ = {isa = PBXFileReference; fileEncoding = 4; lastKnownFileType = sourcecode.swift; path = SwapiService.swift; sourceTree = "<group>"; };
		FBF48BDC1CA243FF00B27EC2 /* SwapiMoya.app */ = {isa = PBXFileReference; explicitFileType = wrapper.application; includeInIndex = 0; path = SwapiMoya.app; sourceTree = BUILT_PRODUCTS_DIR; };
		FBF48BDF1CA2440000B27EC2 /* AppDelegate.swift */ = {isa = PBXFileReference; lastKnownFileType = sourcecode.swift; path = AppDelegate.swift; sourceTree = "<group>"; };
		FBF48BE11CA2440000B27EC2 /* Assets.xcassets */ = {isa = PBXFileReference; lastKnownFileType = folder.assetcatalog; path = Assets.xcassets; sourceTree = "<group>"; };
		FBF48BE41CA2440000B27EC2 /* Base */ = {isa = PBXFileReference; lastKnownFileType = file.storyboard; name = Base; path = Base.lproj/LaunchScreen.storyboard; sourceTree = "<group>"; };
		FBF48BE61CA2440000B27EC2 /* Info.plist */ = {isa = PBXFileReference; lastKnownFileType = text.plist.xml; path = Info.plist; sourceTree = "<group>"; };
		FBF48BEB1CA2440000B27EC2 /* SwapiMoyaTests.xctest */ = {isa = PBXFileReference; explicitFileType = wrapper.cfbundle; includeInIndex = 0; path = SwapiMoyaTests.xctest; sourceTree = BUILT_PRODUCTS_DIR; };
		FBF48BF11CA2440000B27EC2 /* Info.plist */ = {isa = PBXFileReference; lastKnownFileType = text.plist.xml; path = Info.plist; sourceTree = "<group>"; };
		FBF48BF61CA2440000B27EC2 /* SwapiMoyaUITests.xctest */ = {isa = PBXFileReference; explicitFileType = wrapper.cfbundle; includeInIndex = 0; path = SwapiMoyaUITests.xctest; sourceTree = BUILT_PRODUCTS_DIR; };
		FBF48BFA1CA2440000B27EC2 /* SwapiMoyaUITests.swift */ = {isa = PBXFileReference; lastKnownFileType = sourcecode.swift; path = SwapiMoyaUITests.swift; sourceTree = "<group>"; };
		FBF48BFC1CA2440000B27EC2 /* Info.plist */ = {isa = PBXFileReference; lastKnownFileType = text.plist.xml; path = Info.plist; sourceTree = "<group>"; };
/* End PBXFileReference section */

/* Begin PBXFrameworksBuildPhase section */
		FBF48BD91CA243FF00B27EC2 /* Frameworks */ = {
			isa = PBXFrameworksBuildPhase;
			buildActionMask = 2147483647;
			files = (
				6F92BD28F4BFAA45D4CC0BF9 /* Pods_SwapiMoya.framework in Frameworks */,
			);
			runOnlyForDeploymentPostprocessing = 0;
		};
		FBF48BE81CA2440000B27EC2 /* Frameworks */ = {
			isa = PBXFrameworksBuildPhase;
			buildActionMask = 2147483647;
			files = (
				4D2B66D5BFBBEE91C1AAD66A /* Pods_SwapiMoyaTests.framework in Frameworks */,
			);
			runOnlyForDeploymentPostprocessing = 0;
		};
		FBF48BF31CA2440000B27EC2 /* Frameworks */ = {
			isa = PBXFrameworksBuildPhase;
			buildActionMask = 2147483647;
			files = (
				995A4C330E3AA570708CAD44 /* Pods_SwapiMoyaUITests.framework in Frameworks */,
			);
			runOnlyForDeploymentPostprocessing = 0;
		};
/* End PBXFrameworksBuildPhase section */

/* Begin PBXGroup section */
		CA3B8906236D8441B6670AB3 /* Pods */ = {
			isa = PBXGroup;
			children = (
				461E0A3298AEF556824DD908 /* Pods-SwapiMoya.debug.xcconfig */,
				33791B84E9D21ECAE8FF45CD /* Pods-SwapiMoya.release.xcconfig */,
				E858913126B8F1281B13B65D /* Pods-SwapiMoyaTests.debug.xcconfig */,
				0AD6CC785A116BC1926DEC13 /* Pods-SwapiMoyaTests.release.xcconfig */,
				60B5C77D2AE5EC63F72000E6 /* Pods-SwapiMoyaUITests.debug.xcconfig */,
				716DC80B14A256182E0182AF /* Pods-SwapiMoyaUITests.release.xcconfig */,
			);
			name = Pods;
			sourceTree = "<group>";
		};
		F43DC65287FE479B672072BA /* Frameworks */ = {
			isa = PBXGroup;
			children = (
				E4CB771BB1A8425B96469A84 /* Pods_SwapiMoya.framework */,
				79120242A4370BFD3ECCACC5 /* Pods_SwapiMoyaTests.framework */,
				5CAD4DB6D69010CF5FE72FDE /* Pods_SwapiMoyaUITests.framework */,
			);
			name = Frameworks;
			sourceTree = "<group>";
		};
		FB5AB1671CA8CD9D00EF003D /* Models */ = {
			isa = PBXGroup;
			children = (
				FB5AB1681CA8CDAF00EF003D /* Person.swift */,
				FB5AB1711CA8D51200EF003D /* Film.swift */,
			);
			name = Models;
			sourceTree = "<group>";
		};
		FB5AB16C1CA8D0A600EF003D /* Controllers */ = {
			isa = PBXGroup;
			children = (
				FB5AB16D1CA8D0D300EF003D /* BaseViewController.swift */,
				FB5AB16E1CA8D0D300EF003D /* BaseViewController.xib */,
			);
			name = Controllers;
			sourceTree = "<group>";
		};
		FB78277F1CBA03C0007C0236 /* Services */ = {
			isa = PBXGroup;
			children = (
				FBE4FB0D1CF372DA004E58F6 /* SwapiService.swift */,
			);
			name = Services;
			sourceTree = "<group>";
		};
		FB7827801CBA03CD007C0236 /* ViewModels */ = {
			isa = PBXGroup;
			children = (
			);
			name = ViewModels;
			sourceTree = "<group>";
		};
		FB83F26F1CDEB48B004D9E80 /* Views */ = {
			isa = PBXGroup;
			children = (
				FB83F2701CDEB4B7004D9E80 /* PersonTableViewCell.swift */,
				FB83F2711CDEB4B7004D9E80 /* PersonTableViewCell.xib */,
			);
			name = Views;
			sourceTree = "<group>";
		};
		FBF3B7F01CC874A40043008F /* Protocols */ = {
			isa = PBXGroup;
			children = (
				FBD576CC1CCC72E30065222F /* JSONable.swift */,
			);
			name = Protocols;
			sourceTree = "<group>";
		};
		FBF48BD31CA243FF00B27EC2 = {
			isa = PBXGroup;
			children = (
				FBF48BDE1CA2440000B27EC2 /* SwapiMoya */,
				FBF48BEE1CA2440000B27EC2 /* SwapiMoyaTests */,
				FBF48BF91CA2440000B27EC2 /* SwapiMoyaUITests */,
				FBF48BDD1CA243FF00B27EC2 /* Products */,
				CA3B8906236D8441B6670AB3 /* Pods */,
				F43DC65287FE479B672072BA /* Frameworks */,
			);
			sourceTree = "<group>";
		};
		FBF48BDD1CA243FF00B27EC2 /* Products */ = {
			isa = PBXGroup;
			children = (
				FBF48BDC1CA243FF00B27EC2 /* SwapiMoya.app */,
				FBF48BEB1CA2440000B27EC2 /* SwapiMoyaTests.xctest */,
				FBF48BF61CA2440000B27EC2 /* SwapiMoyaUITests.xctest */,
			);
			name = Products;
			sourceTree = "<group>";
		};
		FBF48BDE1CA2440000B27EC2 /* SwapiMoya */ = {
			isa = PBXGroup;
			children = (
				FB83F26F1CDEB48B004D9E80 /* Views */,
				FBF3B7F01CC874A40043008F /* Protocols */,
				FB7827801CBA03CD007C0236 /* ViewModels */,
				FB78277F1CBA03C0007C0236 /* Services */,
				FB5AB16C1CA8D0A600EF003D /* Controllers */,
				FB5AB1671CA8CD9D00EF003D /* Models */,
				FBF48BDF1CA2440000B27EC2 /* AppDelegate.swift */,
				FBF48BE11CA2440000B27EC2 /* Assets.xcassets */,
				FBF48BE31CA2440000B27EC2 /* LaunchScreen.storyboard */,
				FBF48BE61CA2440000B27EC2 /* Info.plist */,
				FBE0EDBC1CB623F400455095 /* SwapiMoya-Bridging-Header.h */,
			);
			path = SwapiMoya;
			sourceTree = "<group>";
		};
		FBF48BEE1CA2440000B27EC2 /* SwapiMoyaTests */ = {
			isa = PBXGroup;
			children = (
				FBF48BF11CA2440000B27EC2 /* Info.plist */,
			);
			path = SwapiMoyaTests;
			sourceTree = "<group>";
		};
		FBF48BF91CA2440000B27EC2 /* SwapiMoyaUITests */ = {
			isa = PBXGroup;
			children = (
				FBF48BFA1CA2440000B27EC2 /* SwapiMoyaUITests.swift */,
				FBF48BFC1CA2440000B27EC2 /* Info.plist */,
			);
			path = SwapiMoyaUITests;
			sourceTree = "<group>";
		};
/* End PBXGroup section */

/* Begin PBXNativeTarget section */
		FBF48BDB1CA243FF00B27EC2 /* SwapiMoya */ = {
			isa = PBXNativeTarget;
			buildConfigurationList = FBF48BFF1CA2440000B27EC2 /* Build configuration list for PBXNativeTarget "SwapiMoya" */;
			buildPhases = (
				861F23F1984EB8372538B7DF /* 📦 Check Pods Manifest.lock */,
				FBF48BD81CA243FF00B27EC2 /* Sources */,
				FBF48BD91CA243FF00B27EC2 /* Frameworks */,
				FBF48BDA1CA243FF00B27EC2 /* Resources */,
				9F9820AB9943E99B1BD22BEC /* 📦 Embed Pods Frameworks */,
				C286282F2FC08ABEDEE926F7 /* 📦 Copy Pods Resources */,
			);
			buildRules = (
			);
			dependencies = (
			);
			name = SwapiMoya;
			productName = SwapiMoya;
			productReference = FBF48BDC1CA243FF00B27EC2 /* SwapiMoya.app */;
			productType = "com.apple.product-type.application";
		};
		FBF48BEA1CA2440000B27EC2 /* SwapiMoyaTests */ = {
			isa = PBXNativeTarget;
			buildConfigurationList = FBF48C021CA2440000B27EC2 /* Build configuration list for PBXNativeTarget "SwapiMoyaTests" */;
			buildPhases = (
				6D3AC916D7F33318CC37CA55 /* 📦 Check Pods Manifest.lock */,
				FBF48BE71CA2440000B27EC2 /* Sources */,
				FBF48BE81CA2440000B27EC2 /* Frameworks */,
				FBF48BE91CA2440000B27EC2 /* Resources */,
				9FF5A2F18B8B755E5E2B24FC /* 📦 Embed Pods Frameworks */,
				BF8D227A0EAACF27F489B09C /* 📦 Copy Pods Resources */,
			);
			buildRules = (
			);
			dependencies = (
				FBF48BED1CA2440000B27EC2 /* PBXTargetDependency */,
			);
			name = SwapiMoyaTests;
			productName = SwapiMoyaTests;
			productReference = FBF48BEB1CA2440000B27EC2 /* SwapiMoyaTests.xctest */;
			productType = "com.apple.product-type.bundle.unit-test";
		};
		FBF48BF51CA2440000B27EC2 /* SwapiMoyaUITests */ = {
			isa = PBXNativeTarget;
			buildConfigurationList = FBF48C051CA2440000B27EC2 /* Build configuration list for PBXNativeTarget "SwapiMoyaUITests" */;
			buildPhases = (
				0833350871C716879F9B6E33 /* 📦 Check Pods Manifest.lock */,
				FBF48BF21CA2440000B27EC2 /* Sources */,
				FBF48BF31CA2440000B27EC2 /* Frameworks */,
				FBF48BF41CA2440000B27EC2 /* Resources */,
				CCB60CAC9E35A3DA9F55DF02 /* 📦 Copy Pods Resources */,
			);
			buildRules = (
			);
			dependencies = (
				FBF48BF81CA2440000B27EC2 /* PBXTargetDependency */,
			);
			name = SwapiMoyaUITests;
			productName = SwapiMoyaUITests;
			productReference = FBF48BF61CA2440000B27EC2 /* SwapiMoyaUITests.xctest */;
			productType = "com.apple.product-type.bundle.ui-testing";
		};
/* End PBXNativeTarget section */

/* Begin PBXProject section */
		FBF48BD41CA243FF00B27EC2 /* Project object */ = {
			isa = PBXProject;
			attributes = {
				LastSwiftUpdateCheck = 0730;
				LastUpgradeCheck = 0730;
				ORGANIZATIONNAME = "Damian Esteban";
				TargetAttributes = {
					FBF48BDB1CA243FF00B27EC2 = {
						CreatedOnToolsVersion = 7.3;
					};
					FBF48BEA1CA2440000B27EC2 = {
						CreatedOnToolsVersion = 7.3;
						TestTargetID = FBF48BDB1CA243FF00B27EC2;
					};
					FBF48BF51CA2440000B27EC2 = {
						CreatedOnToolsVersion = 7.3;
						TestTargetID = FBF48BDB1CA243FF00B27EC2;
					};
				};
			};
			buildConfigurationList = FBF48BD71CA243FF00B27EC2 /* Build configuration list for PBXProject "SwapiMoya" */;
			compatibilityVersion = "Xcode 3.2";
			developmentRegion = English;
			hasScannedForEncodings = 0;
			knownRegions = (
				en,
				Base,
			);
			mainGroup = FBF48BD31CA243FF00B27EC2;
			productRefGroup = FBF48BDD1CA243FF00B27EC2 /* Products */;
			projectDirPath = "";
			projectRoot = "";
			targets = (
				FBF48BDB1CA243FF00B27EC2 /* SwapiMoya */,
				FBF48BEA1CA2440000B27EC2 /* SwapiMoyaTests */,
				FBF48BF51CA2440000B27EC2 /* SwapiMoyaUITests */,
			);
		};
/* End PBXProject section */

/* Begin PBXResourcesBuildPhase section */
		FBF48BDA1CA243FF00B27EC2 /* Resources */ = {
			isa = PBXResourcesBuildPhase;
			buildActionMask = 2147483647;
			files = (
				FB5AB1701CA8D0D300EF003D /* BaseViewController.xib in Resources */,
				FBF48BE21CA2440000B27EC2 /* Assets.xcassets in Resources */,
				FB83F2731CDEB4B7004D9E80 /* PersonTableViewCell.xib in Resources */,
				FBF48BE51CA2440000B27EC2 /* LaunchScreen.storyboard in Resources */,
			);
			runOnlyForDeploymentPostprocessing = 0;
		};
		FBF48BE91CA2440000B27EC2 /* Resources */ = {
			isa = PBXResourcesBuildPhase;
			buildActionMask = 2147483647;
			files = (
			);
			runOnlyForDeploymentPostprocessing = 0;
		};
		FBF48BF41CA2440000B27EC2 /* Resources */ = {
			isa = PBXResourcesBuildPhase;
			buildActionMask = 2147483647;
			files = (
			);
			runOnlyForDeploymentPostprocessing = 0;
		};
/* End PBXResourcesBuildPhase section */

/* Begin PBXShellScriptBuildPhase section */
		0833350871C716879F9B6E33 /* 📦 Check Pods Manifest.lock */ = {
			isa = PBXShellScriptBuildPhase;
			buildActionMask = 2147483647;
			files = (
			);
			inputPaths = (
			);
			name = "📦 Check Pods Manifest.lock";
			outputPaths = (
			);
			runOnlyForDeploymentPostprocessing = 0;
			shellPath = /bin/sh;
			shellScript = "diff \"${PODS_ROOT}/../Podfile.lock\" \"${PODS_ROOT}/Manifest.lock\" > /dev/null\nif [[ $? != 0 ]] ; then\n    cat << EOM\nerror: The sandbox is not in sync with the Podfile.lock. Run 'pod install' or update your CocoaPods installation.\nEOM\n    exit 1\nfi\n";
			showEnvVarsInLog = 0;
		};
		6D3AC916D7F33318CC37CA55 /* 📦 Check Pods Manifest.lock */ = {
			isa = PBXShellScriptBuildPhase;
			buildActionMask = 2147483647;
			files = (
			);
			inputPaths = (
			);
			name = "📦 Check Pods Manifest.lock";
			outputPaths = (
			);
			runOnlyForDeploymentPostprocessing = 0;
			shellPath = /bin/sh;
			shellScript = "diff \"${PODS_ROOT}/../Podfile.lock\" \"${PODS_ROOT}/Manifest.lock\" > /dev/null\nif [[ $? != 0 ]] ; then\n    cat << EOM\nerror: The sandbox is not in sync with the Podfile.lock. Run 'pod install' or update your CocoaPods installation.\nEOM\n    exit 1\nfi\n";
			showEnvVarsInLog = 0;
		};
		861F23F1984EB8372538B7DF /* 📦 Check Pods Manifest.lock */ = {
			isa = PBXShellScriptBuildPhase;
			buildActionMask = 2147483647;
			files = (
			);
			inputPaths = (
			);
			name = "📦 Check Pods Manifest.lock";
			outputPaths = (
			);
			runOnlyForDeploymentPostprocessing = 0;
			shellPath = /bin/sh;
			shellScript = "diff \"${PODS_ROOT}/../Podfile.lock\" \"${PODS_ROOT}/Manifest.lock\" > /dev/null\nif [[ $? != 0 ]] ; then\n    cat << EOM\nerror: The sandbox is not in sync with the Podfile.lock. Run 'pod install' or update your CocoaPods installation.\nEOM\n    exit 1\nfi\n";
			showEnvVarsInLog = 0;
		};
		9F9820AB9943E99B1BD22BEC /* 📦 Embed Pods Frameworks */ = {
			isa = PBXShellScriptBuildPhase;
			buildActionMask = 2147483647;
			files = (
			);
			inputPaths = (
			);
			name = "📦 Embed Pods Frameworks";
			outputPaths = (
			);
			runOnlyForDeploymentPostprocessing = 0;
			shellPath = /bin/sh;
			shellScript = "\"${SRCROOT}/Pods/Target Support Files/Pods-SwapiMoya/Pods-SwapiMoya-frameworks.sh\"\n";
			showEnvVarsInLog = 0;
		};
		9FF5A2F18B8B755E5E2B24FC /* 📦 Embed Pods Frameworks */ = {
			isa = PBXShellScriptBuildPhase;
			buildActionMask = 2147483647;
			files = (
			);
			inputPaths = (
			);
			name = "📦 Embed Pods Frameworks";
			outputPaths = (
			);
			runOnlyForDeploymentPostprocessing = 0;
			shellPath = /bin/sh;
			shellScript = "\"${SRCROOT}/Pods/Target Support Files/Pods-SwapiMoyaTests/Pods-SwapiMoyaTests-frameworks.sh\"\n";
			showEnvVarsInLog = 0;
		};
		BF8D227A0EAACF27F489B09C /* 📦 Copy Pods Resources */ = {
			isa = PBXShellScriptBuildPhase;
			buildActionMask = 2147483647;
			files = (
			);
			inputPaths = (
			);
			name = "📦 Copy Pods Resources";
			outputPaths = (
			);
			runOnlyForDeploymentPostprocessing = 0;
			shellPath = /bin/sh;
			shellScript = "\"${SRCROOT}/Pods/Target Support Files/Pods-SwapiMoyaTests/Pods-SwapiMoyaTests-resources.sh\"\n";
			showEnvVarsInLog = 0;
		};
		C286282F2FC08ABEDEE926F7 /* 📦 Copy Pods Resources */ = {
			isa = PBXShellScriptBuildPhase;
			buildActionMask = 2147483647;
			files = (
			);
			inputPaths = (
			);
			name = "📦 Copy Pods Resources";
			outputPaths = (
			);
			runOnlyForDeploymentPostprocessing = 0;
			shellPath = /bin/sh;
			shellScript = "\"${SRCROOT}/Pods/Target Support Files/Pods-SwapiMoya/Pods-SwapiMoya-resources.sh\"\n";
			showEnvVarsInLog = 0;
		};
		CCB60CAC9E35A3DA9F55DF02 /* 📦 Copy Pods Resources */ = {
			isa = PBXShellScriptBuildPhase;
			buildActionMask = 2147483647;
			files = (
			);
			inputPaths = (
			);
			name = "📦 Copy Pods Resources";
			outputPaths = (
			);
			runOnlyForDeploymentPostprocessing = 0;
			shellPath = /bin/sh;
			shellScript = "\"${SRCROOT}/Pods/Target Support Files/Pods-SwapiMoyaUITests/Pods-SwapiMoyaUITests-resources.sh\"\n";
			showEnvVarsInLog = 0;
		};
/* End PBXShellScriptBuildPhase section */

/* Begin PBXSourcesBuildPhase section */
		FBF48BD81CA243FF00B27EC2 /* Sources */ = {
			isa = PBXSourcesBuildPhase;
			buildActionMask = 2147483647;
			files = (
				FB5AB1691CA8CDAF00EF003D /* Person.swift in Sources */,
				FB5AB1721CA8D51200EF003D /* Film.swift in Sources */,
				FBF48BE01CA2440000B27EC2 /* AppDelegate.swift in Sources */,
				FB5AB16F1CA8D0D300EF003D /* BaseViewController.swift in Sources */,
				FBD576CD1CCC72E30065222F /* JSONable.swift in Sources */,
				FBE4FB0E1CF372DA004E58F6 /* SwapiService.swift in Sources */,
				FB83F2721CDEB4B7004D9E80 /* PersonTableViewCell.swift in Sources */,
			);
			runOnlyForDeploymentPostprocessing = 0;
		};
		FBF48BE71CA2440000B27EC2 /* Sources */ = {
			isa = PBXSourcesBuildPhase;
			buildActionMask = 2147483647;
			files = (
			);
			runOnlyForDeploymentPostprocessing = 0;
		};
		FBF48BF21CA2440000B27EC2 /* Sources */ = {
			isa = PBXSourcesBuildPhase;
			buildActionMask = 2147483647;
			files = (
				FBF48BFB1CA2440000B27EC2 /* SwapiMoyaUITests.swift in Sources */,
			);
			runOnlyForDeploymentPostprocessing = 0;
		};
/* End PBXSourcesBuildPhase section */

/* Begin PBXTargetDependency section */
		FBF48BED1CA2440000B27EC2 /* PBXTargetDependency */ = {
			isa = PBXTargetDependency;
			target = FBF48BDB1CA243FF00B27EC2 /* SwapiMoya */;
			targetProxy = FBF48BEC1CA2440000B27EC2 /* PBXContainerItemProxy */;
		};
		FBF48BF81CA2440000B27EC2 /* PBXTargetDependency */ = {
			isa = PBXTargetDependency;
			target = FBF48BDB1CA243FF00B27EC2 /* SwapiMoya */;
			targetProxy = FBF48BF71CA2440000B27EC2 /* PBXContainerItemProxy */;
		};
/* End PBXTargetDependency section */

/* Begin PBXVariantGroup section */
		FBF48BE31CA2440000B27EC2 /* LaunchScreen.storyboard */ = {
			isa = PBXVariantGroup;
			children = (
				FBF48BE41CA2440000B27EC2 /* Base */,
			);
			name = LaunchScreen.storyboard;
			sourceTree = "<group>";
		};
/* End PBXVariantGroup section */

/* Begin XCBuildConfiguration section */
		FBF48BFD1CA2440000B27EC2 /* Debug */ = {
			isa = XCBuildConfiguration;
			buildSettings = {
				ALWAYS_SEARCH_USER_PATHS = NO;
				CLANG_ANALYZER_NONNULL = YES;
				CLANG_CXX_LANGUAGE_STANDARD = "gnu++0x";
				CLANG_CXX_LIBRARY = "libc++";
				CLANG_ENABLE_MODULES = YES;
				CLANG_ENABLE_OBJC_ARC = YES;
				CLANG_WARN_BOOL_CONVERSION = YES;
				CLANG_WARN_CONSTANT_CONVERSION = YES;
				CLANG_WARN_DIRECT_OBJC_ISA_USAGE = YES_ERROR;
				CLANG_WARN_EMPTY_BODY = YES;
				CLANG_WARN_ENUM_CONVERSION = YES;
				CLANG_WARN_INT_CONVERSION = YES;
				CLANG_WARN_OBJC_ROOT_CLASS = YES_ERROR;
				CLANG_WARN_UNREACHABLE_CODE = YES;
				CLANG_WARN__DUPLICATE_METHOD_MATCH = YES;
				"CODE_SIGN_IDENTITY[sdk=iphoneos*]" = "iPhone Developer";
				COPY_PHASE_STRIP = NO;
				DEBUG_INFORMATION_FORMAT = dwarf;
				ENABLE_STRICT_OBJC_MSGSEND = YES;
				ENABLE_TESTABILITY = YES;
				GCC_C_LANGUAGE_STANDARD = gnu99;
				GCC_DYNAMIC_NO_PIC = NO;
				GCC_NO_COMMON_BLOCKS = YES;
				GCC_OPTIMIZATION_LEVEL = 0;
				GCC_PREPROCESSOR_DEFINITIONS = (
					"DEBUG=1",
					"$(inherited)",
				);
				GCC_WARN_64_TO_32_BIT_CONVERSION = YES;
				GCC_WARN_ABOUT_RETURN_TYPE = YES_ERROR;
				GCC_WARN_UNDECLARED_SELECTOR = YES;
				GCC_WARN_UNINITIALIZED_AUTOS = YES_AGGRESSIVE;
				GCC_WARN_UNUSED_FUNCTION = YES;
				GCC_WARN_UNUSED_VARIABLE = YES;
				IPHONEOS_DEPLOYMENT_TARGET = 9.3;
				MTL_ENABLE_DEBUG_INFO = YES;
				ONLY_ACTIVE_ARCH = YES;
				SDKROOT = iphoneos;
				SWIFT_OPTIMIZATION_LEVEL = "-Onone";
				TARGETED_DEVICE_FAMILY = "1,2";
			};
			name = Debug;
		};
		FBF48BFE1CA2440000B27EC2 /* Release */ = {
			isa = XCBuildConfiguration;
			buildSettings = {
				ALWAYS_SEARCH_USER_PATHS = NO;
				CLANG_ANALYZER_NONNULL = YES;
				CLANG_CXX_LANGUAGE_STANDARD = "gnu++0x";
				CLANG_CXX_LIBRARY = "libc++";
				CLANG_ENABLE_MODULES = YES;
				CLANG_ENABLE_OBJC_ARC = YES;
				CLANG_WARN_BOOL_CONVERSION = YES;
				CLANG_WARN_CONSTANT_CONVERSION = YES;
				CLANG_WARN_DIRECT_OBJC_ISA_USAGE = YES_ERROR;
				CLANG_WARN_EMPTY_BODY = YES;
				CLANG_WARN_ENUM_CONVERSION = YES;
				CLANG_WARN_INT_CONVERSION = YES;
				CLANG_WARN_OBJC_ROOT_CLASS = YES_ERROR;
				CLANG_WARN_UNREACHABLE_CODE = YES;
				CLANG_WARN__DUPLICATE_METHOD_MATCH = YES;
				"CODE_SIGN_IDENTITY[sdk=iphoneos*]" = "iPhone Developer";
				COPY_PHASE_STRIP = NO;
				DEBUG_INFORMATION_FORMAT = "dwarf-with-dsym";
				ENABLE_NS_ASSERTIONS = NO;
				ENABLE_STRICT_OBJC_MSGSEND = YES;
				GCC_C_LANGUAGE_STANDARD = gnu99;
				GCC_NO_COMMON_BLOCKS = YES;
				GCC_WARN_64_TO_32_BIT_CONVERSION = YES;
				GCC_WARN_ABOUT_RETURN_TYPE = YES_ERROR;
				GCC_WARN_UNDECLARED_SELECTOR = YES;
				GCC_WARN_UNINITIALIZED_AUTOS = YES_AGGRESSIVE;
				GCC_WARN_UNUSED_FUNCTION = YES;
				GCC_WARN_UNUSED_VARIABLE = YES;
				IPHONEOS_DEPLOYMENT_TARGET = 9.3;
				MTL_ENABLE_DEBUG_INFO = NO;
				SDKROOT = iphoneos;
				TARGETED_DEVICE_FAMILY = "1,2";
				VALIDATE_PRODUCT = YES;
			};
			name = Release;
		};
		FBF48C001CA2440000B27EC2 /* Debug */ = {
			isa = XCBuildConfiguration;
			baseConfigurationReference = 461E0A3298AEF556824DD908 /* Pods-SwapiMoya.debug.xcconfig */;
			buildSettings = {
				ASSETCATALOG_COMPILER_APPICON_NAME = AppIcon;
				CLANG_ENABLE_MODULES = YES;
				INFOPLIST_FILE = SwapiMoya/Info.plist;
				LD_RUNPATH_SEARCH_PATHS = "$(inherited) @executable_path/Frameworks";
				PRODUCT_BUNDLE_IDENTIFIER = com.damianesteban.SwapiMoya;
				PRODUCT_NAME = "$(TARGET_NAME)";
				SWIFT_OBJC_BRIDGING_HEADER = "SwapiMoya/SwapiMoya-Bridging-Header.h";
				SWIFT_OPTIMIZATION_LEVEL = "-Onone";
			};
			name = Debug;
		};
		FBF48C011CA2440000B27EC2 /* Release */ = {
			isa = XCBuildConfiguration;
			baseConfigurationReference = 33791B84E9D21ECAE8FF45CD /* Pods-SwapiMoya.release.xcconfig */;
			buildSettings = {
				ASSETCATALOG_COMPILER_APPICON_NAME = AppIcon;
				CLANG_ENABLE_MODULES = YES;
				INFOPLIST_FILE = SwapiMoya/Info.plist;
				LD_RUNPATH_SEARCH_PATHS = "$(inherited) @executable_path/Frameworks";
				PRODUCT_BUNDLE_IDENTIFIER = com.damianesteban.SwapiMoya;
				PRODUCT_NAME = "$(TARGET_NAME)";
				SWIFT_OBJC_BRIDGING_HEADER = "SwapiMoya/SwapiMoya-Bridging-Header.h";
			};
			name = Release;
		};
		FBF48C031CA2440000B27EC2 /* Debug */ = {
			isa = XCBuildConfiguration;
			baseConfigurationReference = E858913126B8F1281B13B65D /* Pods-SwapiMoyaTests.debug.xcconfig */;
			buildSettings = {
				BUNDLE_LOADER = "$(TEST_HOST)";
				INFOPLIST_FILE = SwapiMoyaTests/Info.plist;
				LD_RUNPATH_SEARCH_PATHS = "$(inherited) @executable_path/Frameworks @loader_path/Frameworks";
				PRODUCT_BUNDLE_IDENTIFIER = com.damianesteban.SwapiMoyaTests;
				PRODUCT_NAME = "$(TARGET_NAME)";
				TEST_HOST = "$(BUILT_PRODUCTS_DIR)/SwapiMoya.app/SwapiMoya";
			};
			name = Debug;
		};
		FBF48C041CA2440000B27EC2 /* Release */ = {
			isa = XCBuildConfiguration;
			baseConfigurationReference = 0AD6CC785A116BC1926DEC13 /* Pods-SwapiMoyaTests.release.xcconfig */;
			buildSettings = {
				BUNDLE_LOADER = "$(TEST_HOST)";
				INFOPLIST_FILE = SwapiMoyaTests/Info.plist;
				LD_RUNPATH_SEARCH_PATHS = "$(inherited) @executable_path/Frameworks @loader_path/Frameworks";
				PRODUCT_BUNDLE_IDENTIFIER = com.damianesteban.SwapiMoyaTests;
				PRODUCT_NAME = "$(TARGET_NAME)";
				TEST_HOST = "$(BUILT_PRODUCTS_DIR)/SwapiMoya.app/SwapiMoya";
			};
			name = Release;
		};
		FBF48C061CA2440000B27EC2 /* Debug */ = {
			isa = XCBuildConfiguration;
			baseConfigurationReference = 60B5C77D2AE5EC63F72000E6 /* Pods-SwapiMoyaUITests.debug.xcconfig */;
			buildSettings = {
				INFOPLIST_FILE = SwapiMoyaUITests/Info.plist;
				LD_RUNPATH_SEARCH_PATHS = "$(inherited) @executable_path/Frameworks @loader_path/Frameworks";
				PRODUCT_BUNDLE_IDENTIFIER = com.damianesteban.SwapiMoyaUITests;
				PRODUCT_NAME = "$(TARGET_NAME)";
				TEST_TARGET_NAME = SwapiMoya;
			};
			name = Debug;
		};
		FBF48C071CA2440000B27EC2 /* Release */ = {
			isa = XCBuildConfiguration;
			baseConfigurationReference = 716DC80B14A256182E0182AF /* Pods-SwapiMoyaUITests.release.xcconfig */;
			buildSettings = {
				INFOPLIST_FILE = SwapiMoyaUITests/Info.plist;
				LD_RUNPATH_SEARCH_PATHS = "$(inherited) @executable_path/Frameworks @loader_path/Frameworks";
				PRODUCT_BUNDLE_IDENTIFIER = com.damianesteban.SwapiMoyaUITests;
				PRODUCT_NAME = "$(TARGET_NAME)";
				TEST_TARGET_NAME = SwapiMoya;
			};
			name = Release;
		};
/* End XCBuildConfiguration section */

/* Begin XCConfigurationList section */
		FBF48BD71CA243FF00B27EC2 /* Build configuration list for PBXProject "SwapiMoya" */ = {
			isa = XCConfigurationList;
			buildConfigurations = (
				FBF48BFD1CA2440000B27EC2 /* Debug */,
				FBF48BFE1CA2440000B27EC2 /* Release */,
			);
			defaultConfigurationIsVisible = 0;
			defaultConfigurationName = Release;
		};
		FBF48BFF1CA2440000B27EC2 /* Build configuration list for PBXNativeTarget "SwapiMoya" */ = {
			isa = XCConfigurationList;
			buildConfigurations = (
				FBF48C001CA2440000B27EC2 /* Debug */,
				FBF48C011CA2440000B27EC2 /* Release */,
			);
			defaultConfigurationIsVisible = 0;
			defaultConfigurationName = Release;
		};
		FBF48C021CA2440000B27EC2 /* Build configuration list for PBXNativeTarget "SwapiMoyaTests" */ = {
			isa = XCConfigurationList;
			buildConfigurations = (
				FBF48C031CA2440000B27EC2 /* Debug */,
				FBF48C041CA2440000B27EC2 /* Release */,
			);
			defaultConfigurationIsVisible = 0;
			defaultConfigurationName = Release;
		};
		FBF48C051CA2440000B27EC2 /* Build configuration list for PBXNativeTarget "SwapiMoyaUITests" */ = {
			isa = XCConfigurationList;
			buildConfigurations = (
				FBF48C061CA2440000B27EC2 /* Debug */,
				FBF48C071CA2440000B27EC2 /* Release */,
			);
			defaultConfigurationIsVisible = 0;
			defaultConfigurationName = Release;
		};
/* End XCConfigurationList section */
	};
	rootObject = FBF48BD41CA243FF00B27EC2 /* Project object */;
}
